// !$*UTF8*$!
{
	archiveVersion = 1;
	classes = {
	};
	objectVersion = 46;
	objects = {

/* Begin PBXBuildFile section */
		070400451347CB140092A737 /* defaultPerson.png in Resources */ = {isa = PBXBuildFile; fileRef = 070400441347CB140092A737 /* defaultPerson.png */; };
		070400B91347D09A0092A737 /* CoreLocation.framework in Frameworks */ = {isa = PBXBuildFile; fileRef = 070400B81347D09A0092A737 /* CoreLocation.framework */; };
		0704FFC8134794020092A737 /* SettingsViewController.m in Sources */ = {isa = PBXBuildFile; fileRef = 0704FFC6134794020092A737 /* SettingsViewController.m */; };
		0704FFC9134794020092A737 /* SettingsViewController.xib in Resources */ = {isa = PBXBuildFile; fileRef = 0704FFC7134794020092A737 /* SettingsViewController.xib */; };
		1D3623260D0F684500981E51 /* iPhoneXMPPAppDelegate.m in Sources */ = {isa = PBXBuildFile; fileRef = 1D3623250D0F684500981E51 /* iPhoneXMPPAppDelegate.m */; };
		1D60589B0D05DD56006BFB54 /* main.m in Sources */ = {isa = PBXBuildFile; fileRef = 29B97316FDCFA39411CA2CEA /* main.m */; };
		1D60589F0D05DD5A006BFB54 /* Foundation.framework in Frameworks */ = {isa = PBXBuildFile; fileRef = 1D30AB110D05D00D00671497 /* Foundation.framework */; };
		1DF5F4E00D08C38300B7A737 /* UIKit.framework in Frameworks */ = {isa = PBXBuildFile; fileRef = 1DF5F4DF0D08C38300B7A737 /* UIKit.framework */; };
		2892E4100DC94CBA00A64D0F /* CoreGraphics.framework in Frameworks */ = {isa = PBXBuildFile; fileRef = 2892E40F0DC94CBA00A64D0F /* CoreGraphics.framework */; };
		28AD73600D9D9599002E5188 /* MainWindow.xib in Resources */ = {isa = PBXBuildFile; fileRef = 28AD735F0D9D9599002E5188 /* MainWindow.xib */; };
		28C286E10D94DF7D0034E888 /* RootViewController.m in Sources */ = {isa = PBXBuildFile; fileRef = 28C286E00D94DF7D0034E888 /* RootViewController.m */; };
		28F335F11007B36200424DE2 /* RootViewController.xib in Resources */ = {isa = PBXBuildFile; fileRef = 28F335F01007B36200424DE2 /* RootViewController.xib */; };
		6C36253264A4A7BB00E1EB11 /* libPods-iPhoneXMPP.a in Frameworks */ = {isa = PBXBuildFile; fileRef = 1730C23DF4A96FEDF0CB67D2 /* libPods-iPhoneXMPP.a */; };
		DC19DDA1170B4138000D2178 /* Default-568h@2x.png in Resources */ = {isa = PBXBuildFile; fileRef = DC19DDA0170B4138000D2178 /* Default-568h@2x.png */; };
		DC1F97E21152CA2D00138A8F /* libxml2.dylib in Frameworks */ = {isa = PBXBuildFile; fileRef = DC1F97E11152CA2D00138A8F /* libxml2.dylib */; };
		DC1F97E81152CA4E00138A8F /* CFNetwork.framework in Frameworks */ = {isa = PBXBuildFile; fileRef = DC1F97E71152CA4E00138A8F /* CFNetwork.framework */; };
		DC1F98371152CBC200138A8F /* SystemConfiguration.framework in Frameworks */ = {isa = PBXBuildFile; fileRef = DC1F98361152CBC200138A8F /* SystemConfiguration.framework */; };
		DC1F985D1152CC2B00138A8F /* CoreData.framework in Frameworks */ = {isa = PBXBuildFile; fileRef = DC1F985C1152CC2B00138A8F /* CoreData.framework */; };
		DC26A52D152A3E82004B71C0 /* Security.framework in Frameworks */ = {isa = PBXBuildFile; fileRef = DC26A52C152A3E82004B71C0 /* Security.framework */; };
		DC84BC1812440C500055A459 /* libidn.a in Frameworks */ = {isa = PBXBuildFile; fileRef = DC84BC1712440C500055A459 /* libidn.a */; };
		DCD4944312234A49004BEE1A /* libresolv.dylib in Frameworks */ = {isa = PBXBuildFile; fileRef = DCD4944212234A49004BEE1A /* libresolv.dylib */; };
		FA6311051D74BDB8003418F3 /* ChatViewController.m in Sources */ = {isa = PBXBuildFile; fileRef = FA6311041D74BDB8003418F3 /* ChatViewController.m */; };
		FAC4F5FD1D77A73600493A33 /* ChatViewController.xib in Resources */ = {isa = PBXBuildFile; fileRef = FAC4F5FC1D77A73600493A33 /* ChatViewController.xib */; };
/* End PBXBuildFile section */

/* Begin PBXFileReference section */
		070400441347CB140092A737 /* defaultPerson.png */ = {isa = PBXFileReference; lastKnownFileType = image.png; path = defaultPerson.png; sourceTree = "<group>"; };
		070400B81347D09A0092A737 /* CoreLocation.framework */ = {isa = PBXFileReference; lastKnownFileType = wrapper.framework; name = CoreLocation.framework; path = System/Library/Frameworks/CoreLocation.framework; sourceTree = SDKROOT; };
		0704FFC5134794020092A737 /* SettingsViewController.h */ = {isa = PBXFileReference; fileEncoding = 4; lastKnownFileType = sourcecode.c.h; path = SettingsViewController.h; sourceTree = "<group>"; };
		0704FFC6134794020092A737 /* SettingsViewController.m */ = {isa = PBXFileReference; fileEncoding = 4; lastKnownFileType = sourcecode.c.objc; path = SettingsViewController.m; sourceTree = "<group>"; };
		0704FFC7134794020092A737 /* SettingsViewController.xib */ = {isa = PBXFileReference; fileEncoding = 4; lastKnownFileType = file.xib; path = SettingsViewController.xib; sourceTree = "<group>"; };
		0F89026883C9A2CD3F636752 /* Pods-iPhoneXMPP.debug.xcconfig */ = {isa = PBXFileReference; includeInIndex = 1; lastKnownFileType = text.xcconfig; name = "Pods-iPhoneXMPP.debug.xcconfig"; path = "Pods/Target Support Files/Pods-iPhoneXMPP/Pods-iPhoneXMPP.debug.xcconfig"; sourceTree = "<group>"; };
		1730C23DF4A96FEDF0CB67D2 /* libPods-iPhoneXMPP.a */ = {isa = PBXFileReference; explicitFileType = archive.ar; includeInIndex = 0; path = "libPods-iPhoneXMPP.a"; sourceTree = BUILT_PRODUCTS_DIR; };
		1D30AB110D05D00D00671497 /* Foundation.framework */ = {isa = PBXFileReference; lastKnownFileType = wrapper.framework; name = Foundation.framework; path = System/Library/Frameworks/Foundation.framework; sourceTree = SDKROOT; };
		1D3623240D0F684500981E51 /* iPhoneXMPPAppDelegate.h */ = {isa = PBXFileReference; fileEncoding = 4; lastKnownFileType = sourcecode.c.h; path = iPhoneXMPPAppDelegate.h; sourceTree = "<group>"; };
		1D3623250D0F684500981E51 /* iPhoneXMPPAppDelegate.m */ = {isa = PBXFileReference; fileEncoding = 4; lastKnownFileType = sourcecode.c.objc; path = iPhoneXMPPAppDelegate.m; sourceTree = "<group>"; };
		1D6058910D05DD3D006BFB54 /* iPhoneXMPP.app */ = {isa = PBXFileReference; explicitFileType = wrapper.application; includeInIndex = 0; path = iPhoneXMPP.app; sourceTree = BUILT_PRODUCTS_DIR; };
		1DF5F4DF0D08C38300B7A737 /* UIKit.framework */ = {isa = PBXFileReference; lastKnownFileType = wrapper.framework; name = UIKit.framework; path = System/Library/Frameworks/UIKit.framework; sourceTree = SDKROOT; };
		2892E40F0DC94CBA00A64D0F /* CoreGraphics.framework */ = {isa = PBXFileReference; lastKnownFileType = wrapper.framework; name = CoreGraphics.framework; path = System/Library/Frameworks/CoreGraphics.framework; sourceTree = SDKROOT; };
		28A0AAE50D9B0CCF005BE974 /* iPhoneXMPP_Prefix.pch */ = {isa = PBXFileReference; fileEncoding = 4; lastKnownFileType = sourcecode.c.h; path = iPhoneXMPP_Prefix.pch; sourceTree = "<group>"; };
		28AD735F0D9D9599002E5188 /* MainWindow.xib */ = {isa = PBXFileReference; lastKnownFileType = file.xib; path = MainWindow.xib; sourceTree = "<group>"; };
		28C286DF0D94DF7D0034E888 /* RootViewController.h */ = {isa = PBXFileReference; fileEncoding = 4; lastKnownFileType = sourcecode.c.h; path = RootViewController.h; sourceTree = "<group>"; };
		28C286E00D94DF7D0034E888 /* RootViewController.m */ = {isa = PBXFileReference; fileEncoding = 4; lastKnownFileType = sourcecode.c.objc; lineEnding = 0; path = RootViewController.m; sourceTree = "<group>"; xcLanguageSpecificationIdentifier = xcode.lang.objc; };
		28F335F01007B36200424DE2 /* RootViewController.xib */ = {isa = PBXFileReference; lastKnownFileType = file.xib; path = RootViewController.xib; sourceTree = "<group>"; };
		29B97316FDCFA39411CA2CEA /* main.m */ = {isa = PBXFileReference; fileEncoding = 4; lastKnownFileType = sourcecode.c.objc; path = main.m; sourceTree = "<group>"; };
		59E3AF7DC412D306A0FA196C /* Pods-iPhoneXMPP.release.xcconfig */ = {isa = PBXFileReference; includeInIndex = 1; lastKnownFileType = text.xcconfig; name = "Pods-iPhoneXMPP.release.xcconfig"; path = "Pods/Target Support Files/Pods-iPhoneXMPP/Pods-iPhoneXMPP.release.xcconfig"; sourceTree = "<group>"; };
		8D1107310486CEB800E47090 /* iPhoneXMPP-Info.plist */ = {isa = PBXFileReference; fileEncoding = 4; lastKnownFileType = text.plist.xml; path = "iPhoneXMPP-Info.plist"; plistStructureDefinitionIdentifier = "com.apple.xcode.plist.structure-definition.iphone.info-plist"; sourceTree = "<group>"; };
		DC19DDA0170B4138000D2178 /* Default-568h@2x.png */ = {isa = PBXFileReference; lastKnownFileType = image.png; path = "Default-568h@2x.png"; sourceTree = "<group>"; };
		DC1F97E11152CA2D00138A8F /* libxml2.dylib */ = {isa = PBXFileReference; lastKnownFileType = "compiled.mach-o.dylib"; name = libxml2.dylib; path = usr/lib/libxml2.dylib; sourceTree = SDKROOT; };
		DC1F97E71152CA4E00138A8F /* CFNetwork.framework */ = {isa = PBXFileReference; lastKnownFileType = wrapper.framework; name = CFNetwork.framework; path = System/Library/Frameworks/CFNetwork.framework; sourceTree = SDKROOT; };
		DC1F98361152CBC200138A8F /* SystemConfiguration.framework */ = {isa = PBXFileReference; lastKnownFileType = wrapper.framework; name = SystemConfiguration.framework; path = System/Library/Frameworks/SystemConfiguration.framework; sourceTree = SDKROOT; };
		DC1F985C1152CC2B00138A8F /* CoreData.framework */ = {isa = PBXFileReference; lastKnownFileType = wrapper.framework; name = CoreData.framework; path = System/Library/Frameworks/CoreData.framework; sourceTree = SDKROOT; };
		DC26A52C152A3E82004B71C0 /* Security.framework */ = {isa = PBXFileReference; lastKnownFileType = wrapper.framework; name = Security.framework; path = System/Library/Frameworks/Security.framework; sourceTree = SDKROOT; };
		DC84BC1712440C500055A459 /* libidn.a */ = {isa = PBXFileReference; lastKnownFileType = archive.ar; name = libidn.a; path = ../../Vendor/libidn/libidn.a; sourceTree = SOURCE_ROOT; };
		DCD4944212234A49004BEE1A /* libresolv.dylib */ = {isa = PBXFileReference; lastKnownFileType = "compiled.mach-o.dylib"; name = libresolv.dylib; path = usr/lib/libresolv.dylib; sourceTree = SDKROOT; };
		DCE11268140C5798007A2A46 /* XMPPFramework.h */ = {isa = PBXFileReference; fileEncoding = 4; lastKnownFileType = sourcecode.c.h; name = XMPPFramework.h; path = Classes/XMPPFramework.h; sourceTree = "<group>"; };
		FA6311031D74BDB8003418F3 /* ChatViewController.h */ = {isa = PBXFileReference; fileEncoding = 4; lastKnownFileType = sourcecode.c.h; path = ChatViewController.h; sourceTree = "<group>"; };
		FA6311041D74BDB8003418F3 /* ChatViewController.m */ = {isa = PBXFileReference; fileEncoding = 4; lastKnownFileType = sourcecode.c.objc; path = ChatViewController.m; sourceTree = "<group>"; };
		FAC4F5FC1D77A73600493A33 /* ChatViewController.xib */ = {isa = PBXFileReference; fileEncoding = 4; lastKnownFileType = file.xib; path = ChatViewController.xib; sourceTree = "<group>"; };
/* End PBXFileReference section */

/* Begin PBXFrameworksBuildPhase section */
		1D60588F0D05DD3D006BFB54 /* Frameworks */ = {
			isa = PBXFrameworksBuildPhase;
			buildActionMask = 2147483647;
			files = (
				DC26A52D152A3E82004B71C0 /* Security.framework in Frameworks */,
				070400B91347D09A0092A737 /* CoreLocation.framework in Frameworks */,
				1D60589F0D05DD5A006BFB54 /* Foundation.framework in Frameworks */,
				1DF5F4E00D08C38300B7A737 /* UIKit.framework in Frameworks */,
				2892E4100DC94CBA00A64D0F /* CoreGraphics.framework in Frameworks */,
				DC1F97E21152CA2D00138A8F /* libxml2.dylib in Frameworks */,
				DC1F97E81152CA4E00138A8F /* CFNetwork.framework in Frameworks */,
				DC1F98371152CBC200138A8F /* SystemConfiguration.framework in Frameworks */,
				DC1F985D1152CC2B00138A8F /* CoreData.framework in Frameworks */,
				DCD4944312234A49004BEE1A /* libresolv.dylib in Frameworks */,
				DC84BC1812440C500055A459 /* libidn.a in Frameworks */,
				6C36253264A4A7BB00E1EB11 /* libPods-iPhoneXMPP.a in Frameworks */,
			);
			runOnlyForDeploymentPostprocessing = 0;
		};
/* End PBXFrameworksBuildPhase section */

/* Begin PBXGroup section */
		080E96DDFE201D6D7F000001 /* Classes */ = {
			isa = PBXGroup;
			children = (
				1D3623240D0F684500981E51 /* iPhoneXMPPAppDelegate.h */,
				1D3623250D0F684500981E51 /* iPhoneXMPPAppDelegate.m */,
				28C286DF0D94DF7D0034E888 /* RootViewController.h */,
				28C286E00D94DF7D0034E888 /* RootViewController.m */,
				0704FFC5134794020092A737 /* SettingsViewController.h */,
				0704FFC6134794020092A737 /* SettingsViewController.m */,
				0704FFC7134794020092A737 /* SettingsViewController.xib */,
				FA6311031D74BDB8003418F3 /* ChatViewController.h */,
				FA6311041D74BDB8003418F3 /* ChatViewController.m */,
			);
			path = Classes;
			sourceTree = "<group>";
		};
		19C28FACFE9D520D11CA2CBB /* Products */ = {
			isa = PBXGroup;
			children = (
				1D6058910D05DD3D006BFB54 /* iPhoneXMPP.app */,
			);
			name = Products;
			sourceTree = "<group>";
		};
		29B97314FDCFA39411CA2CEA /* CustomTemplate */ = {
			isa = PBXGroup;
			children = (
				DC1F98001152CAF300138A8F /* XMPP */,
				080E96DDFE201D6D7F000001 /* Classes */,
				29B97315FDCFA39411CA2CEA /* Other Sources */,
				29B97317FDCFA39411CA2CEA /* Resources */,
				29B97323FDCFA39411CA2CEA /* Frameworks */,
				19C28FACFE9D520D11CA2CBB /* Products */,
				5AD8F2C422AAE9AAD346B1AA /* Pods */,
			);
			name = CustomTemplate;
			sourceTree = "<group>";
		};
		29B97315FDCFA39411CA2CEA /* Other Sources */ = {
			isa = PBXGroup;
			children = (
				28A0AAE50D9B0CCF005BE974 /* iPhoneXMPP_Prefix.pch */,
				29B97316FDCFA39411CA2CEA /* main.m */,
			);
			name = "Other Sources";
			sourceTree = "<group>";
		};
		29B97317FDCFA39411CA2CEA /* Resources */ = {
			isa = PBXGroup;
			children = (
				DC19DDA0170B4138000D2178 /* Default-568h@2x.png */,
				070400441347CB140092A737 /* defaultPerson.png */,
				28F335F01007B36200424DE2 /* RootViewController.xib */,
				28AD735F0D9D9599002E5188 /* MainWindow.xib */,
				8D1107310486CEB800E47090 /* iPhoneXMPP-Info.plist */,
				FAC4F5FC1D77A73600493A33 /* ChatViewController.xib */,
			);
			name = Resources;
			sourceTree = "<group>";
		};
		29B97323FDCFA39411CA2CEA /* Frameworks */ = {
			isa = PBXGroup;
			children = (
				1DF5F4DF0D08C38300B7A737 /* UIKit.framework */,
				1D30AB110D05D00D00671497 /* Foundation.framework */,
				2892E40F0DC94CBA00A64D0F /* CoreGraphics.framework */,
				DC1F985C1152CC2B00138A8F /* CoreData.framework */,
				070400B81347D09A0092A737 /* CoreLocation.framework */,
				DC1F97E71152CA4E00138A8F /* CFNetwork.framework */,
				DC1F98361152CBC200138A8F /* SystemConfiguration.framework */,
				DC26A52C152A3E82004B71C0 /* Security.framework */,
				DC1F97E11152CA2D00138A8F /* libxml2.dylib */,
				DC84BC1712440C500055A459 /* libidn.a */,
				DCD4944212234A49004BEE1A /* libresolv.dylib */,
				1730C23DF4A96FEDF0CB67D2 /* libPods-iPhoneXMPP.a */,
			);
			name = Frameworks;
			sourceTree = "<group>";
		};
		5AD8F2C422AAE9AAD346B1AA /* Pods */ = {
			isa = PBXGroup;
			children = (
				0F89026883C9A2CD3F636752 /* Pods-iPhoneXMPP.debug.xcconfig */,
				59E3AF7DC412D306A0FA196C /* Pods-iPhoneXMPP.release.xcconfig */,
			);
			name = Pods;
			sourceTree = "<group>";
		};
		DC1F98001152CAF300138A8F /* XMPP */ = {
			isa = PBXGroup;
			children = (
				DCE11268140C5798007A2A46 /* XMPPFramework.h */,
			);
			name = XMPP;
			sourceTree = "<group>";
		};
/* End PBXGroup section */

/* Begin PBXNativeTarget section */
		1D6058900D05DD3D006BFB54 /* iPhoneXMPP */ = {
			isa = PBXNativeTarget;
			buildConfigurationList = 1D6058960D05DD3E006BFB54 /* Build configuration list for PBXNativeTarget "iPhoneXMPP" */;
			buildPhases = (
				8E3F574BE4BFDF4FAD7BC4AC /* 📦 Check Pods Manifest.lock */,
				1D60588D0D05DD3D006BFB54 /* Resources */,
				1D60588E0D05DD3D006BFB54 /* Sources */,
				1D60588F0D05DD3D006BFB54 /* Frameworks */,
				23A5DD18911A15BDF1DCB02A /* 📦 Embed Pods Frameworks */,
				ECC8D85FAD7B47CA4ED6EB9E /* 📦 Copy Pods Resources */,
			);
			buildRules = (
			);
			dependencies = (
			);
			name = iPhoneXMPP;
			productName = iPhoneXMPP;
			productReference = 1D6058910D05DD3D006BFB54 /* iPhoneXMPP.app */;
			productType = "com.apple.product-type.application";
		};
/* End PBXNativeTarget section */

/* Begin PBXProject section */
		29B97313FDCFA39411CA2CEA /* Project object */ = {
			isa = PBXProject;
			attributes = {
				CLASSPREFIX = XMPP;
				LastUpgradeCheck = 0500;
				ORGANIZATIONNAME = XMPPFramework;
			};
			buildConfigurationList = C01FCF4E08A954540054247B /* Build configuration list for PBXProject "iPhoneXMPP" */;
			compatibilityVersion = "Xcode 3.2";
			developmentRegion = English;
			hasScannedForEncodings = 1;
			knownRegions = (
				English,
				Japanese,
				French,
				German,
				en,
			);
			mainGroup = 29B97314FDCFA39411CA2CEA /* CustomTemplate */;
			projectDirPath = "";
			projectRoot = "";
			targets = (
				1D6058900D05DD3D006BFB54 /* iPhoneXMPP */,
			);
		};
/* End PBXProject section */

/* Begin PBXResourcesBuildPhase section */
		1D60588D0D05DD3D006BFB54 /* Resources */ = {
			isa = PBXResourcesBuildPhase;
			buildActionMask = 2147483647;
			files = (
				28AD73600D9D9599002E5188 /* MainWindow.xib in Resources */,
				28F335F11007B36200424DE2 /* RootViewController.xib in Resources */,
				FAC4F5FD1D77A73600493A33 /* ChatViewController.xib in Resources */,
				0704FFC9134794020092A737 /* SettingsViewController.xib in Resources */,
				070400451347CB140092A737 /* defaultPerson.png in Resources */,
				DC19DDA1170B4138000D2178 /* Default-568h@2x.png in Resources */,
			);
			runOnlyForDeploymentPostprocessing = 0;
		};
/* End PBXResourcesBuildPhase section */

/* Begin PBXShellScriptBuildPhase section */
		23A5DD18911A15BDF1DCB02A /* 📦 Embed Pods Frameworks */ = {
			isa = PBXShellScriptBuildPhase;
			buildActionMask = 2147483647;
			files = (
			);
			inputPaths = (
			);
			name = "📦 Embed Pods Frameworks";
			outputPaths = (
			);
			runOnlyForDeploymentPostprocessing = 0;
			shellPath = /bin/sh;
			shellScript = "\"${SRCROOT}/Pods/Target Support Files/Pods-iPhoneXMPP/Pods-iPhoneXMPP-frameworks.sh\"\n";
			showEnvVarsInLog = 0;
		};
		8E3F574BE4BFDF4FAD7BC4AC /* 📦 Check Pods Manifest.lock */ = {
			isa = PBXShellScriptBuildPhase;
			buildActionMask = 2147483647;
			files = (
			);
			inputPaths = (
			);
			name = "📦 Check Pods Manifest.lock";
			outputPaths = (
			);
			runOnlyForDeploymentPostprocessing = 0;
			shellPath = /bin/sh;
			shellScript = "diff \"${PODS_ROOT}/../Podfile.lock\" \"${PODS_ROOT}/Manifest.lock\" > /dev/null\nif [[ $? != 0 ]] ; then\n    cat << EOM\nerror: The sandbox is not in sync with the Podfile.lock. Run 'pod install' or update your CocoaPods installation.\nEOM\n    exit 1\nfi\n";
			showEnvVarsInLog = 0;
		};
		ECC8D85FAD7B47CA4ED6EB9E /* 📦 Copy Pods Resources */ = {
			isa = PBXShellScriptBuildPhase;
			buildActionMask = 2147483647;
			files = (
			);
			inputPaths = (
			);
			name = "📦 Copy Pods Resources";
			outputPaths = (
			);
			runOnlyForDeploymentPostprocessing = 0;
			shellPath = /bin/sh;
			shellScript = "\"${SRCROOT}/Pods/Target Support Files/Pods-iPhoneXMPP/Pods-iPhoneXMPP-resources.sh\"\n";
			showEnvVarsInLog = 0;
		};
/* End PBXShellScriptBuildPhase section */

/* Begin PBXSourcesBuildPhase section */
		1D60588E0D05DD3D006BFB54 /* Sources */ = {
			isa = PBXSourcesBuildPhase;
			buildActionMask = 2147483647;
			files = (
				1D60589B0D05DD56006BFB54 /* main.m in Sources */,
				1D3623260D0F684500981E51 /* iPhoneXMPPAppDelegate.m in Sources */,
				FA6311051D74BDB8003418F3 /* ChatViewController.m in Sources */,
				28C286E10D94DF7D0034E888 /* RootViewController.m in Sources */,
				0704FFC8134794020092A737 /* SettingsViewController.m in Sources */,
			);
			runOnlyForDeploymentPostprocessing = 0;
		};
/* End PBXSourcesBuildPhase section */

/* Begin XCBuildConfiguration section */
		1D6058940D05DD3E006BFB54 /* Debug */ = {
			isa = XCBuildConfiguration;
			baseConfigurationReference = 0F89026883C9A2CD3F636752 /* Pods-iPhoneXMPP.debug.xcconfig */;
			buildSettings = {
				ALWAYS_SEARCH_USER_PATHS = NO;
				CLANG_ENABLE_MODULES = YES;
				CLANG_ENABLE_OBJC_ARC = YES;
				COPY_PHASE_STRIP = NO;
				GCC_DYNAMIC_NO_PIC = NO;
				GCC_OPTIMIZATION_LEVEL = 0;
				GCC_PRECOMPILE_PREFIX_HEADER = YES;
				GCC_PREFIX_HEADER = iPhoneXMPP_Prefix.pch;
				GCC_VERSION = com.apple.compilers.llvm.clang.1_0;
				INFOPLIST_FILE = "iPhoneXMPP-Info.plist";
				IPHONEOS_DEPLOYMENT_TARGET = 9.0;
				LIBRARY_SEARCH_PATHS = (
					"$(inherited)",
					"\"$(SRCROOT)/../../Vendor/libidn\"",
				);
				PRODUCT_NAME = iPhoneXMPP;
			};
			name = Debug;
		};
		1D6058950D05DD3E006BFB54 /* Release */ = {
			isa = XCBuildConfiguration;
			baseConfigurationReference = 59E3AF7DC412D306A0FA196C /* Pods-iPhoneXMPP.release.xcconfig */;
			buildSettings = {
				ALWAYS_SEARCH_USER_PATHS = NO;
				CLANG_ENABLE_MODULES = YES;
				CLANG_ENABLE_OBJC_ARC = YES;
				COPY_PHASE_STRIP = YES;
				GCC_PRECOMPILE_PREFIX_HEADER = YES;
				GCC_PREFIX_HEADER = iPhoneXMPP_Prefix.pch;
				GCC_VERSION = com.apple.compilers.llvm.clang.1_0;
				INFOPLIST_FILE = "iPhoneXMPP-Info.plist";
				IPHONEOS_DEPLOYMENT_TARGET = 9.0;
				LIBRARY_SEARCH_PATHS = (
					"$(inherited)",
					"\"$(SRCROOT)/../../Vendor/libidn\"",
				);
				PRODUCT_NAME = iPhoneXMPP;
			};
			name = Release;
		};
		C01FCF4F08A954540054247B /* Debug */ = {
			isa = XCBuildConfiguration;
			buildSettings = {
				"CODE_SIGN_IDENTITY[sdk=iphoneos*]" = "iPhone Developer";
				GCC_C_LANGUAGE_STANDARD = c99;
				GCC_PREPROCESSOR_DEFINITIONS = DEBUG;
				GCC_WARN_ABOUT_RETURN_TYPE = YES;
				GCC_WARN_UNUSED_VARIABLE = YES;
				HEADER_SEARCH_PATHS = "$(SDKROOT)/usr/include/libxml2";
				IPHONEOS_DEPLOYMENT_TARGET = 7.0;
				ONLY_ACTIVE_ARCH = YES;
				SDKROOT = iphoneos;
				WARNING_CFLAGS = "-Wno-arc-performSelector-leaks";
			};
			name = Debug;
		};
		C01FCF5008A954540054247B /* Release */ = {
			isa = XCBuildConfiguration;
			buildSettings = {
				"CODE_SIGN_IDENTITY[sdk=iphoneos*]" = "iPhone Developer";
				GCC_C_LANGUAGE_STANDARD = c99;
				GCC_WARN_ABOUT_RETURN_TYPE = YES;
				GCC_WARN_UNUSED_VARIABLE = YES;
				HEADER_SEARCH_PATHS = "$(SDKROOT)/usr/include/libxml2";
				IPHONEOS_DEPLOYMENT_TARGET = 7.0;
				SDKROOT = iphoneos;
				WARNING_CFLAGS = "-Wno-arc-performSelector-leaks";
			};
			name = Release;
		};
/* End XCBuildConfiguration section */

/* Begin XCConfigurationList section */
		1D6058960D05DD3E006BFB54 /* Build configuration list for PBXNativeTarget "iPhoneXMPP" */ = {
			isa = XCConfigurationList;
			buildConfigurations = (
				1D6058940D05DD3E006BFB54 /* Debug */,
				1D6058950D05DD3E006BFB54 /* Release */,
			);
			defaultConfigurationIsVisible = 0;
			defaultConfigurationName = Release;
		};
		C01FCF4E08A954540054247B /* Build configuration list for PBXProject "iPhoneXMPP" */ = {
			isa = XCConfigurationList;
			buildConfigurations = (
				C01FCF4F08A954540054247B /* Debug */,
				C01FCF5008A954540054247B /* Release */,
			);
			defaultConfigurationIsVisible = 0;
			defaultConfigurationName = Release;
		};
/* End XCConfigurationList section */
	};
	rootObject = 29B97313FDCFA39411CA2CEA /* Project object */;
}
